// !$*UTF8*$!
{
	archiveVersion = 1;
	classes = {
	};
	objectVersion = 55;
	objects = {

/* Begin PBXBuildFile section */
		3D045FF227CF5FE600E29BEF /* AppDelegate.swift in Sources */ = {isa = PBXBuildFile; fileRef = 3D045FF127CF5FE600E29BEF /* AppDelegate.swift */; };
		3D045FF427CF5FE600E29BEF /* SceneDelegate.swift in Sources */ = {isa = PBXBuildFile; fileRef = 3D045FF327CF5FE600E29BEF /* SceneDelegate.swift */; };
		3D045FF627CF5FE600E29BEF /* ViewController.swift in Sources */ = {isa = PBXBuildFile; fileRef = 3D045FF527CF5FE600E29BEF /* ViewController.swift */; };
		3D045FF927CF5FE600E29BEF /* Main.storyboard in Resources */ = {isa = PBXBuildFile; fileRef = 3D045FF727CF5FE600E29BEF /* Main.storyboard */; };
		3D045FFB27CF5FE600E29BEF /* Assets.xcassets in Resources */ = {isa = PBXBuildFile; fileRef = 3D045FFA27CF5FE600E29BEF /* Assets.xcassets */; };
		3D045FFE27CF5FE600E29BEF /* LaunchScreen.storyboard in Resources */ = {isa = PBXBuildFile; fileRef = 3D045FFC27CF5FE600E29BEF /* LaunchScreen.storyboard */; };
		3D04600727CF61D800E29BEF /* Realm in Frameworks */ = {isa = PBXBuildFile; productRef = 3D04600627CF61D800E29BEF /* Realm */; };
		3D04600927CF61D800E29BEF /* RealmSwift in Frameworks */ = {isa = PBXBuildFile; productRef = 3D04600827CF61D800E29BEF /* RealmSwift */; };
/* End PBXBuildFile section */

/* Begin PBXFileReference section */
		3D045FEE27CF5FE600E29BEF /* TestBitriseSPMBuilderCache.app */ = {isa = PBXFileReference; explicitFileType = wrapper.application; includeInIndex = 0; path = TestBitriseSPMBuilderCache.app; sourceTree = BUILT_PRODUCTS_DIR; };
		3D045FF127CF5FE600E29BEF /* AppDelegate.swift */ = {isa = PBXFileReference; lastKnownFileType = sourcecode.swift; path = AppDelegate.swift; sourceTree = "<group>"; };
		3D045FF327CF5FE600E29BEF /* SceneDelegate.swift */ = {isa = PBXFileReference; lastKnownFileType = sourcecode.swift; path = SceneDelegate.swift; sourceTree = "<group>"; };
		3D045FF527CF5FE600E29BEF /* ViewController.swift */ = {isa = PBXFileReference; lastKnownFileType = sourcecode.swift; path = ViewController.swift; sourceTree = "<group>"; };
		3D045FF827CF5FE600E29BEF /* Base */ = {isa = PBXFileReference; lastKnownFileType = file.storyboard; name = Base; path = Base.lproj/Main.storyboard; sourceTree = "<group>"; };
		3D045FFA27CF5FE600E29BEF /* Assets.xcassets */ = {isa = PBXFileReference; lastKnownFileType = folder.assetcatalog; path = Assets.xcassets; sourceTree = "<group>"; };
		3D045FFD27CF5FE600E29BEF /* Base */ = {isa = PBXFileReference; lastKnownFileType = file.storyboard; name = Base; path = Base.lproj/LaunchScreen.storyboard; sourceTree = "<group>"; };
		3D045FFF27CF5FE600E29BEF /* Info.plist */ = {isa = PBXFileReference; lastKnownFileType = text.plist.xml; path = Info.plist; sourceTree = "<group>"; };
/* End PBXFileReference section */

/* Begin PBXFrameworksBuildPhase section */
		3D045FEB27CF5FE600E29BEF /* Frameworks */ = {
			isa = PBXFrameworksBuildPhase;
			buildActionMask = 2147483647;
			files = (
				3D04600927CF61D800E29BEF /* RealmSwift in Frameworks */,
				3D04600727CF61D800E29BEF /* Realm in Frameworks */,
			);
			runOnlyForDeploymentPostprocessing = 0;
		};
/* End PBXFrameworksBuildPhase section */

/* Begin PBXGroup section */
		3D045FE527CF5FE600E29BEF = {
			isa = PBXGroup;
			children = (
				3D045FF027CF5FE600E29BEF /* TestBitriseSPMBuilderCache */,
				3D045FEF27CF5FE600E29BEF /* Products */,
			);
			sourceTree = "<group>";
		};
		3D045FEF27CF5FE600E29BEF /* Products */ = {
			isa = PBXGroup;
			children = (
				3D045FEE27CF5FE600E29BEF /* TestBitriseSPMBuilderCache.app */,
			);
			name = Products;
			sourceTree = "<group>";
		};
		3D045FF027CF5FE600E29BEF /* TestBitriseSPMBuilderCache */ = {
			isa = PBXGroup;
			children = (
				3D045FF127CF5FE600E29BEF /* AppDelegate.swift */,
				3D045FF327CF5FE600E29BEF /* SceneDelegate.swift */,
				3D045FF527CF5FE600E29BEF /* ViewController.swift */,
				3D045FF727CF5FE600E29BEF /* Main.storyboard */,
				3D045FFA27CF5FE600E29BEF /* Assets.xcassets */,
				3D045FFC27CF5FE600E29BEF /* LaunchScreen.storyboard */,
				3D045FFF27CF5FE600E29BEF /* Info.plist */,
			);
			path = TestBitriseSPMBuilderCache;
			sourceTree = "<group>";
		};
/* End PBXGroup section */

/* Begin PBXNativeTarget section */
		3D045FED27CF5FE600E29BEF /* TestBitriseSPMBuilderCache */ = {
			isa = PBXNativeTarget;
			buildConfigurationList = 3D04600227CF5FE600E29BEF /* Build configuration list for PBXNativeTarget "TestBitriseSPMBuilderCache" */;
			buildPhases = (
				3D045FEA27CF5FE600E29BEF /* Sources */,
				3D045FEB27CF5FE600E29BEF /* Frameworks */,
				3D045FEC27CF5FE600E29BEF /* Resources */,
			);
			buildRules = (
			);
			dependencies = (
			);
			name = TestBitriseSPMBuilderCache;
			packageProductDependencies = (
				3D04600627CF61D800E29BEF /* Realm */,
				3D04600827CF61D800E29BEF /* RealmSwift */,
			);
			productName = TestBitriseSPMBuilderCache;
			productReference = 3D045FEE27CF5FE600E29BEF /* TestBitriseSPMBuilderCache.app */;
			productType = "com.apple.product-type.application";
		};
/* End PBXNativeTarget section */

/* Begin PBXProject section */
		3D045FE627CF5FE600E29BEF /* Project object */ = {
			isa = PBXProject;
			attributes = {
				BuildIndependentTargetsInParallel = 1;
				LastSwiftUpdateCheck = 1320;
				LastUpgradeCheck = 1320;
				TargetAttributes = {
					3D045FED27CF5FE600E29BEF = {
						CreatedOnToolsVersion = 13.2.1;
					};
				};
			};
			buildConfigurationList = 3D045FE927CF5FE600E29BEF /* Build configuration list for PBXProject "TestBitriseSPMBuilderCache" */;
			compatibilityVersion = "Xcode 13.0";
			developmentRegion = en;
			hasScannedForEncodings = 0;
			knownRegions = (
				en,
				Base,
			);
			mainGroup = 3D045FE527CF5FE600E29BEF;
			packageReferences = (
				3D04600527CF61D700E29BEF /* XCRemoteSwiftPackageReference "realm-swift" */,
			);
			productRefGroup = 3D045FEF27CF5FE600E29BEF /* Products */;
			projectDirPath = "";
			projectRoot = "";
			targets = (
				3D045FED27CF5FE600E29BEF /* TestBitriseSPMBuilderCache */,
			);
		};
/* End PBXProject section */

/* Begin PBXResourcesBuildPhase section */
		3D045FEC27CF5FE600E29BEF /* Resources */ = {
			isa = PBXResourcesBuildPhase;
			buildActionMask = 2147483647;
			files = (
				3D045FFE27CF5FE600E29BEF /* LaunchScreen.storyboard in Resources */,
				3D045FFB27CF5FE600E29BEF /* Assets.xcassets in Resources */,
				3D045FF927CF5FE600E29BEF /* Main.storyboard in Resources */,
			);
			runOnlyForDeploymentPostprocessing = 0;
		};
/* End PBXResourcesBuildPhase section */

/* Begin PBXSourcesBuildPhase section */
		3D045FEA27CF5FE600E29BEF /* Sources */ = {
			isa = PBXSourcesBuildPhase;
			buildActionMask = 2147483647;
			files = (
				3D045FF627CF5FE600E29BEF /* ViewController.swift in Sources */,
				3D045FF227CF5FE600E29BEF /* AppDelegate.swift in Sources */,
				3D045FF427CF5FE600E29BEF /* SceneDelegate.swift in Sources */,
			);
			runOnlyForDeploymentPostprocessing = 0;
		};
/* End PBXSourcesBuildPhase section */

/* Begin PBXVariantGroup section */
		3D045FF727CF5FE600E29BEF /* Main.storyboard */ = {
			isa = PBXVariantGroup;
			children = (
				3D045FF827CF5FE600E29BEF /* Base */,
			);
			name = Main.storyboard;
			sourceTree = "<group>";
		};
		3D045FFC27CF5FE600E29BEF /* LaunchScreen.storyboard */ = {
			isa = PBXVariantGroup;
			children = (
				3D045FFD27CF5FE600E29BEF /* Base */,
			);
			name = LaunchScreen.storyboard;
			sourceTree = "<group>";
		};
/* End PBXVariantGroup section */

/* Begin XCBuildConfiguration section */
		3D04600027CF5FE600E29BEF /* Debug */ = {
			isa = XCBuildConfiguration;
			buildSettings = {
				ALWAYS_SEARCH_USER_PATHS = NO;
				CLANG_ANALYZER_NONNULL = YES;
				CLANG_ANALYZER_NUMBER_OBJECT_CONVERSION = YES_AGGRESSIVE;
				CLANG_CXX_LANGUAGE_STANDARD = "gnu++17";
				CLANG_CXX_LIBRARY = "libc++";
				CLANG_ENABLE_MODULES = YES;
				CLANG_ENABLE_OBJC_ARC = YES;
				CLANG_ENABLE_OBJC_WEAK = YES;
				CLANG_WARN_BLOCK_CAPTURE_AUTORELEASING = YES;
				CLANG_WARN_BOOL_CONVERSION = YES;
				CLANG_WARN_COMMA = YES;
				CLANG_WARN_CONSTANT_CONVERSION = YES;
				CLANG_WARN_DEPRECATED_OBJC_IMPLEMENTATIONS = YES;
				CLANG_WARN_DIRECT_OBJC_ISA_USAGE = YES_ERROR;
				CLANG_WARN_DOCUMENTATION_COMMENTS = YES;
				CLANG_WARN_EMPTY_BODY = YES;
				CLANG_WARN_ENUM_CONVERSION = YES;
				CLANG_WARN_INFINITE_RECURSION = YES;
				CLANG_WARN_INT_CONVERSION = YES;
				CLANG_WARN_NON_LITERAL_NULL_CONVERSION = YES;
				CLANG_WARN_OBJC_IMPLICIT_RETAIN_SELF = YES;
				CLANG_WARN_OBJC_LITERAL_CONVERSION = YES;
				CLANG_WARN_OBJC_ROOT_CLASS = YES_ERROR;
				CLANG_WARN_QUOTED_INCLUDE_IN_FRAMEWORK_HEADER = YES;
				CLANG_WARN_RANGE_LOOP_ANALYSIS = YES;
				CLANG_WARN_STRICT_PROTOTYPES = YES;
				CLANG_WARN_SUSPICIOUS_MOVE = YES;
				CLANG_WARN_UNGUARDED_AVAILABILITY = YES_AGGRESSIVE;
				CLANG_WARN_UNREACHABLE_CODE = YES;
				CLANG_WARN__DUPLICATE_METHOD_MATCH = YES;
				COPY_PHASE_STRIP = NO;
				DEBUG_INFORMATION_FORMAT = dwarf;
				ENABLE_STRICT_OBJC_MSGSEND = YES;
				ENABLE_TESTABILITY = YES;
				GCC_C_LANGUAGE_STANDARD = gnu11;
				GCC_DYNAMIC_NO_PIC = NO;
				GCC_NO_COMMON_BLOCKS = YES;
				GCC_OPTIMIZATION_LEVEL = 0;
				GCC_PREPROCESSOR_DEFINITIONS = (
					"DEBUG=1",
					"$(inherited)",
				);
				GCC_WARN_64_TO_32_BIT_CONVERSION = YES;
				GCC_WARN_ABOUT_RETURN_TYPE = YES_ERROR;
				GCC_WARN_UNDECLARED_SELECTOR = YES;
				GCC_WARN_UNINITIALIZED_AUTOS = YES_AGGRESSIVE;
				GCC_WARN_UNUSED_FUNCTION = YES;
				GCC_WARN_UNUSED_VARIABLE = YES;
				IPHONEOS_DEPLOYMENT_TARGET = 15.2;
				MTL_ENABLE_DEBUG_INFO = INCLUDE_SOURCE;
				MTL_FAST_MATH = YES;
				ONLY_ACTIVE_ARCH = YES;
				SDKROOT = iphoneos;
				SWIFT_ACTIVE_COMPILATION_CONDITIONS = DEBUG;
				SWIFT_OPTIMIZATION_LEVEL = "-Onone";
			};
			name = Debug;
		};
		3D04600127CF5FE600E29BEF /* Release */ = {
			isa = XCBuildConfiguration;
			buildSettings = {
				ALWAYS_SEARCH_USER_PATHS = NO;
				CLANG_ANALYZER_NONNULL = YES;
				CLANG_ANALYZER_NUMBER_OBJECT_CONVERSION = YES_AGGRESSIVE;
				CLANG_CXX_LANGUAGE_STANDARD = "gnu++17";
				CLANG_CXX_LIBRARY = "libc++";
				CLANG_ENABLE_MODULES = YES;
				CLANG_ENABLE_OBJC_ARC = YES;
				CLANG_ENABLE_OBJC_WEAK = YES;
				CLANG_WARN_BLOCK_CAPTURE_AUTORELEASING = YES;
				CLANG_WARN_BOOL_CONVERSION = YES;
				CLANG_WARN_COMMA = YES;
				CLANG_WARN_CONSTANT_CONVERSION = YES;
				CLANG_WARN_DEPRECATED_OBJC_IMPLEMENTATIONS = YES;
				CLANG_WARN_DIRECT_OBJC_ISA_USAGE = YES_ERROR;
				CLANG_WARN_DOCUMENTATION_COMMENTS = YES;
				CLANG_WARN_EMPTY_BODY = YES;
				CLANG_WARN_ENUM_CONVERSION = YES;
				CLANG_WARN_INFINITE_RECURSION = YES;
				CLANG_WARN_INT_CONVERSION = YES;
				CLANG_WARN_NON_LITERAL_NULL_CONVERSION = YES;
				CLANG_WARN_OBJC_IMPLICIT_RETAIN_SELF = YES;
				CLANG_WARN_OBJC_LITERAL_CONVERSION = YES;
				CLANG_WARN_OBJC_ROOT_CLASS = YES_ERROR;
				CLANG_WARN_QUOTED_INCLUDE_IN_FRAMEWORK_HEADER = YES;
				CLANG_WARN_RANGE_LOOP_ANALYSIS = YES;
				CLANG_WARN_STRICT_PROTOTYPES = YES;
				CLANG_WARN_SUSPICIOUS_MOVE = YES;
				CLANG_WARN_UNGUARDED_AVAILABILITY = YES_AGGRESSIVE;
				CLANG_WARN_UNREACHABLE_CODE = YES;
				CLANG_WARN__DUPLICATE_METHOD_MATCH = YES;
				COPY_PHASE_STRIP = NO;
				DEBUG_INFORMATION_FORMAT = "dwarf-with-dsym";
				ENABLE_NS_ASSERTIONS = NO;
				ENABLE_STRICT_OBJC_MSGSEND = YES;
				GCC_C_LANGUAGE_STANDARD = gnu11;
				GCC_NO_COMMON_BLOCKS = YES;
				GCC_WARN_64_TO_32_BIT_CONVERSION = YES;
				GCC_WARN_ABOUT_RETURN_TYPE = YES_ERROR;
				GCC_WARN_UNDECLARED_SELECTOR = YES;
				GCC_WARN_UNINITIALIZED_AUTOS = YES_AGGRESSIVE;
				GCC_WARN_UNUSED_FUNCTION = YES;
				GCC_WARN_UNUSED_VARIABLE = YES;
				IPHONEOS_DEPLOYMENT_TARGET = 15.2;
				MTL_ENABLE_DEBUG_INFO = NO;
				MTL_FAST_MATH = YES;
				SDKROOT = iphoneos;
				SWIFT_COMPILATION_MODE = wholemodule;
				SWIFT_OPTIMIZATION_LEVEL = "-O";
				VALIDATE_PRODUCT = YES;
			};
			name = Release;
		};
		3D04600327CF5FE600E29BEF /* Debug */ = {
			isa = XCBuildConfiguration;
			buildSettings = {
				ASSETCATALOG_COMPILER_APPICON_NAME = AppIcon;
				ASSETCATALOG_COMPILER_GLOBAL_ACCENT_COLOR_NAME = AccentColor;
				CODE_SIGN_STYLE = Automatic;
				CURRENT_PROJECT_VERSION = 1;
				DEVELOPMENT_TEAM = YUHDTGAY33;
				GENERATE_INFOPLIST_FILE = YES;
				INFOPLIST_FILE = TestBitriseSPMBuilderCache/Info.plist;
				INFOPLIST_KEY_UIApplicationSupportsIndirectInputEvents = YES;
				INFOPLIST_KEY_UILaunchStoryboardName = LaunchScreen;
				INFOPLIST_KEY_UIMainStoryboardFile = Main;
				INFOPLIST_KEY_UISupportedInterfaceOrientations_iPad = "UIInterfaceOrientationPortrait UIInterfaceOrientationPortraitUpsideDown UIInterfaceOrientationLandscapeLeft UIInterfaceOrientationLandscapeRight";
				INFOPLIST_KEY_UISupportedInterfaceOrientations_iPhone = "UIInterfaceOrientationPortrait UIInterfaceOrientationLandscapeLeft UIInterfaceOrientationLandscapeRight";
				LD_RUNPATH_SEARCH_PATHS = (
					"$(inherited)",
					"@executable_path/Frameworks",
				);
				MARKETING_VERSION = 1.0;
				PRODUCT_BUNDLE_IDENTIFIER = com.hongjeongseob.TestBitriseSPMBuilderCache;
				PRODUCT_NAME = "$(TARGET_NAME)";
				SWIFT_EMIT_LOC_STRINGS = YES;
				SWIFT_VERSION = 5.0;
				TARGETED_DEVICE_FAMILY = "1,2";
			};
			name = Debug;
		};
		3D04600427CF5FE600E29BEF /* Release */ = {
			isa = XCBuildConfiguration;
			buildSettings = {
				ASSETCATALOG_COMPILER_APPICON_NAME = AppIcon;
				ASSETCATALOG_COMPILER_GLOBAL_ACCENT_COLOR_NAME = AccentColor;
				CODE_SIGN_STYLE = Automatic;
				CURRENT_PROJECT_VERSION = 1;
				DEVELOPMENT_TEAM = YUHDTGAY33;
				GENERATE_INFOPLIST_FILE = YES;
				INFOPLIST_FILE = TestBitriseSPMBuilderCache/Info.plist;
				INFOPLIST_KEY_UIApplicationSupportsIndirectInputEvents = YES;
				INFOPLIST_KEY_UILaunchStoryboardName = LaunchScreen;
				INFOPLIST_KEY_UIMainStoryboardFile = Main;
				INFOPLIST_KEY_UISupportedInterfaceOrientations_iPad = "UIInterfaceOrientationPortrait UIInterfaceOrientationPortraitUpsideDown UIInterfaceOrientationLandscapeLeft UIInterfaceOrientationLandscapeRight";
				INFOPLIST_KEY_UISupportedInterfaceOrientations_iPhone = "UIInterfaceOrientationPortrait UIInterfaceOrientationLandscapeLeft UIInterfaceOrientationLandscapeRight";
				LD_RUNPATH_SEARCH_PATHS = (
					"$(inherited)",
					"@executable_path/Frameworks",
				);
				MARKETING_VERSION = 1.0;
				PRODUCT_BUNDLE_IDENTIFIER = com.hongjeongseob.TestBitriseSPMBuilderCache;
				PRODUCT_NAME = "$(TARGET_NAME)";
				SWIFT_EMIT_LOC_STRINGS = YES;
				SWIFT_VERSION = 5.0;
				TARGETED_DEVICE_FAMILY = "1,2";
			};
			name = Release;
		};
/* End XCBuildConfiguration section */

/* Begin XCConfigurationList section */
		3D045FE927CF5FE600E29BEF /* Build configuration list for PBXProject "TestBitriseSPMBuilderCache" */ = {
			isa = XCConfigurationList;
			buildConfigurations = (
				3D04600027CF5FE600E29BEF /* Debug */,
				3D04600127CF5FE600E29BEF /* Release */,
			);
			defaultConfigurationIsVisible = 0;
			defaultConfigurationName = Release;
		};
		3D04600227CF5FE600E29BEF /* Build configuration list for PBXNativeTarget "TestBitriseSPMBuilderCache" */ = {
			isa = XCConfigurationList;
			buildConfigurations = (
				3D04600327CF5FE600E29BEF /* Debug */,
				3D04600427CF5FE600E29BEF /* Release */,
			);
			defaultConfigurationIsVisible = 0;
			defaultConfigurationName = Release;
		};
/* End XCConfigurationList section */

/* Begin XCRemoteSwiftPackageReference section */
		3D04600527CF61D700E29BEF /* XCRemoteSwiftPackageReference "realm-swift" */ = {
			isa = XCRemoteSwiftPackageReference;
			repositoryURL = "https://github.com/realm/realm-swift.git";
			requirement = {
				kind = exactVersion;
				version = 10.23.0;
			};
		};
/* End XCRemoteSwiftPackageReference section */

/* Begin XCSwiftPackageProductDependency section */
		3D04600627CF61D800E29BEF /* Realm */ = {
			isa = XCSwiftPackageProductDependency;
			package = 3D04600527CF61D700E29BEF /* XCRemoteSwiftPackageReference "realm-swift" */;
			productName = Realm;
		};
		3D04600827CF61D800E29BEF /* RealmSwift */ = {
			isa = XCSwiftPackageProductDependency;
			package = 3D04600527CF61D700E29BEF /* XCRemoteSwiftPackageReference "realm-swift" */;
			productName = RealmSwift;
		};
/* End XCSwiftPackageProductDependency section */
	};
	rootObject = 3D045FE627CF5FE600E29BEF /* Project object */;
}
